
Microsoft Visual Studio Solution File, Format Version 12.00
# Visual Studio Version 17
VisualStudioVersion = 17.5.33627.172
MinimumVisualStudioVersion = 10.0.40219.1
Project("{9A19103F-16F7-4668-BE54-9A1E7A4F7556}") = "pyRevitLabs.Common", "pyRevitLabs.Common\pyRevitLabs.Common.csproj", "{C5A03112-6EE1-415F-B53D-5D732D9F47AD}"
EndProject
Project("{9A19103F-16F7-4668-BE54-9A1E7A4F7556}") = "pyRevitLabs.CommonWPF", "pyRevitLabs.CommonWPF\pyRevitLabs.CommonWPF.csproj", "{15E9A99D-11E3-4D46-B333-79A10427F682}"
	ProjectSection(ProjectDependencies) = postProject
		{C5A03112-6EE1-415F-B53D-5D732D9F47AD} = {C5A03112-6EE1-415F-B53D-5D732D9F47AD}
	EndProjectSection
EndProject
Project("{9A19103F-16F7-4668-BE54-9A1E7A4F7556}") = "pyRevitLabs.CommonCLI", "pyRevitLabs.CommonCLI\pyRevitLabs.CommonCLI.csproj", "{614720BA-C0E3-4199-9A5E-D2468FFCBFE5}"
	ProjectSection(ProjectDependencies) = postProject
		{C5A03112-6EE1-415F-B53D-5D732D9F47AD} = {C5A03112-6EE1-415F-B53D-5D732D9F47AD}
	EndProjectSection
EndProject
Project("{9A19103F-16F7-4668-BE54-9A1E7A4F7556}") = "pyRevitLabs.TargetApps.Revit", "pyRevitLabs.TargetApps.Revit\pyRevitLabs.TargetApps.Revit.csproj", "{ED0FB7A2-E4A8-4490-A020-73140BFBCE0B}"
	ProjectSection(ProjectDependencies) = postProject
		{C5A03112-6EE1-415F-B53D-5D732D9F47AD} = {C5A03112-6EE1-415F-B53D-5D732D9F47AD}
	EndProjectSection
EndProject
Project("{9A19103F-16F7-4668-BE54-9A1E7A4F7556}") = "pyRevitLabs.TargetApps.Navisworks", "pyRevitLabs.TargetApps.Navisworks\pyRevitLabs.TargetApps.Navisworks.csproj", "{57323698-75AF-4345-827D-2E625A56CBF2}"
	ProjectSection(ProjectDependencies) = postProject
		{C5A03112-6EE1-415F-B53D-5D732D9F47AD} = {C5A03112-6EE1-415F-B53D-5D732D9F47AD}
	EndProjectSection
EndProject
Project("{9A19103F-16F7-4668-BE54-9A1E7A4F7556}") = "pyRevitLabs.TargetApps.AutoCAD", "pyRevitLabs.TargetApps.AutoCAD\pyRevitLabs.TargetApps.AutoCAD.csproj", "{0C382E44-C594-4F08-9469-20C0D25BA581}"
	ProjectSection(ProjectDependencies) = postProject
		{C5A03112-6EE1-415F-B53D-5D732D9F47AD} = {C5A03112-6EE1-415F-B53D-5D732D9F47AD}
	EndProjectSection
EndProject
Project("{9A19103F-16F7-4668-BE54-9A1E7A4F7556}") = "pyRevitCLI", "pyRevitCLI\pyRevitCLI.csproj", "{9561311E-A02A-4D5F-BD22-64258941BF2E}"
	ProjectSection(ProjectDependencies) = postProject
		{C5A03112-6EE1-415F-B53D-5D732D9F47AD} = {C5A03112-6EE1-415F-B53D-5D732D9F47AD}
		{ED0FB7A2-E4A8-4490-A020-73140BFBCE0B} = {ED0FB7A2-E4A8-4490-A020-73140BFBCE0B}
		{614720BA-C0E3-4199-9A5E-D2468FFCBFE5} = {614720BA-C0E3-4199-9A5E-D2468FFCBFE5}
	EndProjectSection
EndProject
Project("{9A19103F-16F7-4668-BE54-9A1E7A4F7556}") = "pyRevitLabs.Language", "pyRevitLabs.Language\pyRevitLabs.Language.csproj", "{269FE01F-093A-4774-8017-FEFC2342ABF5}"
EndProject
Project("{9A19103F-16F7-4668-BE54-9A1E7A4F7556}") = "pyRevitLabs.DeffrelDB", "pyRevitLabs.DeffrelDB\pyRevitLabs.DeffrelDB.csproj", "{4672A022-5855-4C70-B81E-9E1109BD7B6D}"
EndProject
Project("{9A19103F-16F7-4668-BE54-9A1E7A4F7556}") = "pyRevitLabs.PyRevit", "pyRevitLabs.PyRevit\pyRevitLabs.PyRevit.csproj", "{595C5FC1-EA26-47A6-B78F-3A04D222963D}"
EndProject
Project("{9A19103F-16F7-4668-BE54-9A1E7A4F7556}") = "pyRevitLabs.Emojis", "pyRevitLabs.Emojis\pyRevitLabs.Emojis.csproj", "{495994B5-044C-4B59-BD1D-D05683B443E5}"
EndProject
Project("{9A19103F-16F7-4668-BE54-9A1E7A4F7556}") = "pyRevitDoctor", "pyRevitDoctor\pyRevitDoctor.csproj", "{D4BAD33B-FAEE-4D57-A3F6-E2BBDCDE8AE6}"
EndProject
Project("{9A19103F-16F7-4668-BE54-9A1E7A4F7556}") = "pyRevitLabs.UnitTests", "pyRevitLabs.UnitTests\pyRevitLabs.UnitTests.csproj", "{E33FE30C-7DA3-4A8C-B7B9-C7B1A8F73E6A}"
EndProject
Project("{9A19103F-16F7-4668-BE54-9A1E7A4F7556}") = "pyRevitLabs.PyRevit.Runtime.Shared", "pyRevitLabs.PyRevit.Runtime.Shared\pyRevitLabs.PyRevit.Runtime.Shared.csproj", "{B239FF1F-F32A-4828-87B8-E5DAC6809567}"
EndProject
Global
	GlobalSection(SolutionConfigurationPlatforms) = preSolution
		Debug|Any CPU = Debug|Any CPU
		Release|Any CPU = Release|Any CPU
		Debug R19|Any CPU = Debug R19|Any CPU
		Debug R20|Any CPU = Debug R20|Any CPU
		Debug R21|Any CPU = Debug R21|Any CPU
		Debug R22|Any CPU = Debug R22|Any CPU
		Debug R23|Any CPU = Debug R23|Any CPU
		Debug R24|Any CPU = Debug R24|Any CPU
		Debug R25|Any CPU = Debug R25|Any CPU
		Release R19|Any CPU = Release R19|Any CPU
		Release R20|Any CPU = Release R20|Any CPU
		Release R21|Any CPU = Release R21|Any CPU
		Release R22|Any CPU = Release R22|Any CPU
		Release R23|Any CPU = Release R23|Any CPU
		Release R24|Any CPU = Release R24|Any CPU
		Release R25|Any CPU = Release R25|Any CPU
	EndGlobalSection
	GlobalSection(ProjectConfigurationPlatforms) = postSolution
		{C5A03112-6EE1-415F-B53D-5D732D9F47AD}.Debug|Any CPU.ActiveCfg = Debug|Any CPU
		{C5A03112-6EE1-415F-B53D-5D732D9F47AD}.Debug|Any CPU.Build.0 = Debug|Any CPU
		{C5A03112-6EE1-415F-B53D-5D732D9F47AD}.Release|Any CPU.ActiveCfg = Release|Any CPU
		{C5A03112-6EE1-415F-B53D-5D732D9F47AD}.Release|Any CPU.Build.0 = Release|Any CPU
		{C5A03112-6EE1-415F-B53D-5D732D9F47AD}.Debug R19|Any CPU.ActiveCfg = Debug R19|Any CPU
		{C5A03112-6EE1-415F-B53D-5D732D9F47AD}.Debug R19|Any CPU.Build.0 = Debug R19|Any CPU
		{C5A03112-6EE1-415F-B53D-5D732D9F47AD}.Debug R20|Any CPU.ActiveCfg = Debug R20|Any CPU
		{C5A03112-6EE1-415F-B53D-5D732D9F47AD}.Debug R20|Any CPU.Build.0 = Debug R20|Any CPU
		{C5A03112-6EE1-415F-B53D-5D732D9F47AD}.Debug R21|Any CPU.ActiveCfg = Debug R21|Any CPU
		{C5A03112-6EE1-415F-B53D-5D732D9F47AD}.Debug R21|Any CPU.Build.0 = Debug R21|Any CPU
		{C5A03112-6EE1-415F-B53D-5D732D9F47AD}.Debug R22|Any CPU.ActiveCfg = Debug R22|Any CPU
		{C5A03112-6EE1-415F-B53D-5D732D9F47AD}.Debug R22|Any CPU.Build.0 = Debug R22|Any CPU
		{C5A03112-6EE1-415F-B53D-5D732D9F47AD}.Debug R23|Any CPU.ActiveCfg = Debug R23|Any CPU
		{C5A03112-6EE1-415F-B53D-5D732D9F47AD}.Debug R23|Any CPU.Build.0 = Debug R23|Any CPU
		{C5A03112-6EE1-415F-B53D-5D732D9F47AD}.Debug R24|Any CPU.ActiveCfg = Debug R24|Any CPU
		{C5A03112-6EE1-415F-B53D-5D732D9F47AD}.Debug R24|Any CPU.Build.0 = Debug R24|Any CPU
		{C5A03112-6EE1-415F-B53D-5D732D9F47AD}.Debug R25|Any CPU.ActiveCfg = Debug R25|Any CPU
		{C5A03112-6EE1-415F-B53D-5D732D9F47AD}.Debug R25|Any CPU.Build.0 = Debug R25|Any CPU
		{C5A03112-6EE1-415F-B53D-5D732D9F47AD}.Release R19|Any CPU.ActiveCfg = Release R19|Any CPU
		{C5A03112-6EE1-415F-B53D-5D732D9F47AD}.Release R19|Any CPU.Build.0 = Release R19|Any CPU
		{C5A03112-6EE1-415F-B53D-5D732D9F47AD}.Release R20|Any CPU.ActiveCfg = Release R20|Any CPU
		{C5A03112-6EE1-415F-B53D-5D732D9F47AD}.Release R20|Any CPU.Build.0 = Release R20|Any CPU
		{C5A03112-6EE1-415F-B53D-5D732D9F47AD}.Release R21|Any CPU.ActiveCfg = Release R21|Any CPU
		{C5A03112-6EE1-415F-B53D-5D732D9F47AD}.Release R21|Any CPU.Build.0 = Release R21|Any CPU
		{C5A03112-6EE1-415F-B53D-5D732D9F47AD}.Release R22|Any CPU.ActiveCfg = Release R22|Any CPU
		{C5A03112-6EE1-415F-B53D-5D732D9F47AD}.Release R22|Any CPU.Build.0 = Release R22|Any CPU
		{C5A03112-6EE1-415F-B53D-5D732D9F47AD}.Release R23|Any CPU.ActiveCfg = Release R23|Any CPU
		{C5A03112-6EE1-415F-B53D-5D732D9F47AD}.Release R23|Any CPU.Build.0 = Release R23|Any CPU
		{C5A03112-6EE1-415F-B53D-5D732D9F47AD}.Release R24|Any CPU.ActiveCfg = Release R24|Any CPU
		{C5A03112-6EE1-415F-B53D-5D732D9F47AD}.Release R24|Any CPU.Build.0 = Release R24|Any CPU
		{C5A03112-6EE1-415F-B53D-5D732D9F47AD}.Release R25|Any CPU.ActiveCfg = Release R25|Any CPU
		{C5A03112-6EE1-415F-B53D-5D732D9F47AD}.Release R25|Any CPU.Build.0 = Release R25|Any CPU
		{15E9A99D-11E3-4D46-B333-79A10427F682}.Debug|Any CPU.ActiveCfg = Debug|Any CPU
		{15E9A99D-11E3-4D46-B333-79A10427F682}.Debug|Any CPU.Build.0 = Debug|Any CPU
		{15E9A99D-11E3-4D46-B333-79A10427F682}.Release|Any CPU.ActiveCfg = Release|Any CPU
		{15E9A99D-11E3-4D46-B333-79A10427F682}.Release|Any CPU.Build.0 = Release|Any CPU
		{15E9A99D-11E3-4D46-B333-79A10427F682}.Debug R19|Any CPU.ActiveCfg = Debug R19|Any CPU
		{15E9A99D-11E3-4D46-B333-79A10427F682}.Debug R19|Any CPU.Build.0 = Debug R19|Any CPU
		{15E9A99D-11E3-4D46-B333-79A10427F682}.Debug R20|Any CPU.ActiveCfg = Debug R20|Any CPU
		{15E9A99D-11E3-4D46-B333-79A10427F682}.Debug R20|Any CPU.Build.0 = Debug R20|Any CPU
		{15E9A99D-11E3-4D46-B333-79A10427F682}.Debug R21|Any CPU.ActiveCfg = Debug R21|Any CPU
		{15E9A99D-11E3-4D46-B333-79A10427F682}.Debug R21|Any CPU.Build.0 = Debug R21|Any CPU
		{15E9A99D-11E3-4D46-B333-79A10427F682}.Debug R22|Any CPU.ActiveCfg = Debug R22|Any CPU
		{15E9A99D-11E3-4D46-B333-79A10427F682}.Debug R22|Any CPU.Build.0 = Debug R22|Any CPU
		{15E9A99D-11E3-4D46-B333-79A10427F682}.Debug R23|Any CPU.ActiveCfg = Debug R23|Any CPU
		{15E9A99D-11E3-4D46-B333-79A10427F682}.Debug R23|Any CPU.Build.0 = Debug R23|Any CPU
		{15E9A99D-11E3-4D46-B333-79A10427F682}.Debug R24|Any CPU.ActiveCfg = Debug R24|Any CPU
		{15E9A99D-11E3-4D46-B333-79A10427F682}.Debug R24|Any CPU.Build.0 = Debug R24|Any CPU
		{15E9A99D-11E3-4D46-B333-79A10427F682}.Debug R25|Any CPU.ActiveCfg = Debug R25|Any CPU
		{15E9A99D-11E3-4D46-B333-79A10427F682}.Debug R25|Any CPU.Build.0 = Debug R25|Any CPU
		{15E9A99D-11E3-4D46-B333-79A10427F682}.Release R19|Any CPU.ActiveCfg = Release R19|Any CPU
		{15E9A99D-11E3-4D46-B333-79A10427F682}.Release R19|Any CPU.Build.0 = Release R19|Any CPU
		{15E9A99D-11E3-4D46-B333-79A10427F682}.Release R20|Any CPU.ActiveCfg = Release R20|Any CPU
		{15E9A99D-11E3-4D46-B333-79A10427F682}.Release R20|Any CPU.Build.0 = Release R20|Any CPU
		{15E9A99D-11E3-4D46-B333-79A10427F682}.Release R21|Any CPU.ActiveCfg = Release R21|Any CPU
		{15E9A99D-11E3-4D46-B333-79A10427F682}.Release R21|Any CPU.Build.0 = Release R21|Any CPU
		{15E9A99D-11E3-4D46-B333-79A10427F682}.Release R22|Any CPU.ActiveCfg = Release R22|Any CPU
		{15E9A99D-11E3-4D46-B333-79A10427F682}.Release R22|Any CPU.Build.0 = Release R22|Any CPU
		{15E9A99D-11E3-4D46-B333-79A10427F682}.Release R23|Any CPU.ActiveCfg = Release R23|Any CPU
		{15E9A99D-11E3-4D46-B333-79A10427F682}.Release R23|Any CPU.Build.0 = Release R23|Any CPU
		{15E9A99D-11E3-4D46-B333-79A10427F682}.Release R24|Any CPU.ActiveCfg = Release R24|Any CPU
		{15E9A99D-11E3-4D46-B333-79A10427F682}.Release R24|Any CPU.Build.0 = Release R24|Any CPU
		{15E9A99D-11E3-4D46-B333-79A10427F682}.Release R25|Any CPU.ActiveCfg = Release R25|Any CPU
		{15E9A99D-11E3-4D46-B333-79A10427F682}.Release R25|Any CPU.Build.0 = Release R25|Any CPU
		{614720BA-C0E3-4199-9A5E-D2468FFCBFE5}.Debug|Any CPU.ActiveCfg = Debug|Any CPU
		{614720BA-C0E3-4199-9A5E-D2468FFCBFE5}.Debug|Any CPU.Build.0 = Debug|Any CPU
		{614720BA-C0E3-4199-9A5E-D2468FFCBFE5}.Release|Any CPU.ActiveCfg = Release|Any CPU
		{614720BA-C0E3-4199-9A5E-D2468FFCBFE5}.Release|Any CPU.Build.0 = Release|Any CPU
		{614720BA-C0E3-4199-9A5E-D2468FFCBFE5}.Debug R19|Any CPU.ActiveCfg = Debug R19|Any CPU
		{614720BA-C0E3-4199-9A5E-D2468FFCBFE5}.Debug R19|Any CPU.Build.0 = Debug R19|Any CPU
		{614720BA-C0E3-4199-9A5E-D2468FFCBFE5}.Debug R20|Any CPU.ActiveCfg = Debug R20|Any CPU
		{614720BA-C0E3-4199-9A5E-D2468FFCBFE5}.Debug R20|Any CPU.Build.0 = Debug R20|Any CPU
		{614720BA-C0E3-4199-9A5E-D2468FFCBFE5}.Debug R21|Any CPU.ActiveCfg = Debug R21|Any CPU
		{614720BA-C0E3-4199-9A5E-D2468FFCBFE5}.Debug R21|Any CPU.Build.0 = Debug R21|Any CPU
		{614720BA-C0E3-4199-9A5E-D2468FFCBFE5}.Debug R22|Any CPU.ActiveCfg = Debug R22|Any CPU
		{614720BA-C0E3-4199-9A5E-D2468FFCBFE5}.Debug R22|Any CPU.Build.0 = Debug R22|Any CPU
		{614720BA-C0E3-4199-9A5E-D2468FFCBFE5}.Debug R23|Any CPU.ActiveCfg = Debug R23|Any CPU
		{614720BA-C0E3-4199-9A5E-D2468FFCBFE5}.Debug R23|Any CPU.Build.0 = Debug R23|Any CPU
		{614720BA-C0E3-4199-9A5E-D2468FFCBFE5}.Debug R24|Any CPU.ActiveCfg = Debug R24|Any CPU
		{614720BA-C0E3-4199-9A5E-D2468FFCBFE5}.Debug R24|Any CPU.Build.0 = Debug R24|Any CPU
		{614720BA-C0E3-4199-9A5E-D2468FFCBFE5}.Debug R25|Any CPU.ActiveCfg = Debug R25|Any CPU
		{614720BA-C0E3-4199-9A5E-D2468FFCBFE5}.Debug R25|Any CPU.Build.0 = Debug R25|Any CPU
		{614720BA-C0E3-4199-9A5E-D2468FFCBFE5}.Release R19|Any CPU.ActiveCfg = Release R19|Any CPU
		{614720BA-C0E3-4199-9A5E-D2468FFCBFE5}.Release R19|Any CPU.Build.0 = Release R19|Any CPU
		{614720BA-C0E3-4199-9A5E-D2468FFCBFE5}.Release R20|Any CPU.ActiveCfg = Release R20|Any CPU
		{614720BA-C0E3-4199-9A5E-D2468FFCBFE5}.Release R20|Any CPU.Build.0 = Release R20|Any CPU
		{614720BA-C0E3-4199-9A5E-D2468FFCBFE5}.Release R21|Any CPU.ActiveCfg = Release R21|Any CPU
		{614720BA-C0E3-4199-9A5E-D2468FFCBFE5}.Release R21|Any CPU.Build.0 = Release R21|Any CPU
		{614720BA-C0E3-4199-9A5E-D2468FFCBFE5}.Release R22|Any CPU.ActiveCfg = Release R22|Any CPU
		{614720BA-C0E3-4199-9A5E-D2468FFCBFE5}.Release R22|Any CPU.Build.0 = Release R22|Any CPU
		{614720BA-C0E3-4199-9A5E-D2468FFCBFE5}.Release R23|Any CPU.ActiveCfg = Release R23|Any CPU
		{614720BA-C0E3-4199-9A5E-D2468FFCBFE5}.Release R23|Any CPU.Build.0 = Release R23|Any CPU
		{614720BA-C0E3-4199-9A5E-D2468FFCBFE5}.Release R24|Any CPU.ActiveCfg = Release R24|Any CPU
		{614720BA-C0E3-4199-9A5E-D2468FFCBFE5}.Release R24|Any CPU.Build.0 = Release R24|Any CPU
		{614720BA-C0E3-4199-9A5E-D2468FFCBFE5}.Release R25|Any CPU.ActiveCfg = Release R25|Any CPU
		{614720BA-C0E3-4199-9A5E-D2468FFCBFE5}.Release R25|Any CPU.Build.0 = Release R25|Any CPU
		{ED0FB7A2-E4A8-4490-A020-73140BFBCE0B}.Debug|Any CPU.ActiveCfg = Debug|Any CPU
		{ED0FB7A2-E4A8-4490-A020-73140BFBCE0B}.Debug|Any CPU.Build.0 = Debug|Any CPU
		{ED0FB7A2-E4A8-4490-A020-73140BFBCE0B}.Release|Any CPU.ActiveCfg = Release|Any CPU
		{ED0FB7A2-E4A8-4490-A020-73140BFBCE0B}.Release|Any CPU.Build.0 = Release|Any CPU
		{ED0FB7A2-E4A8-4490-A020-73140BFBCE0B}.Debug R19|Any CPU.ActiveCfg = Debug R19|Any CPU
		{ED0FB7A2-E4A8-4490-A020-73140BFBCE0B}.Debug R19|Any CPU.Build.0 = Debug R19|Any CPU
		{ED0FB7A2-E4A8-4490-A020-73140BFBCE0B}.Debug R20|Any CPU.ActiveCfg = Debug R20|Any CPU
		{ED0FB7A2-E4A8-4490-A020-73140BFBCE0B}.Debug R20|Any CPU.Build.0 = Debug R20|Any CPU
		{ED0FB7A2-E4A8-4490-A020-73140BFBCE0B}.Debug R21|Any CPU.ActiveCfg = Debug R21|Any CPU
		{ED0FB7A2-E4A8-4490-A020-73140BFBCE0B}.Debug R21|Any CPU.Build.0 = Debug R21|Any CPU
		{ED0FB7A2-E4A8-4490-A020-73140BFBCE0B}.Debug R22|Any CPU.ActiveCfg = Debug R22|Any CPU
		{ED0FB7A2-E4A8-4490-A020-73140BFBCE0B}.Debug R22|Any CPU.Build.0 = Debug R22|Any CPU
		{ED0FB7A2-E4A8-4490-A020-73140BFBCE0B}.Debug R23|Any CPU.ActiveCfg = Debug R23|Any CPU
		{ED0FB7A2-E4A8-4490-A020-73140BFBCE0B}.Debug R23|Any CPU.Build.0 = Debug R23|Any CPU
		{ED0FB7A2-E4A8-4490-A020-73140BFBCE0B}.Debug R24|Any CPU.ActiveCfg = Debug R24|Any CPU
		{ED0FB7A2-E4A8-4490-A020-73140BFBCE0B}.Debug R24|Any CPU.Build.0 = Debug R24|Any CPU
		{ED0FB7A2-E4A8-4490-A020-73140BFBCE0B}.Debug R25|Any CPU.ActiveCfg = Debug R25|Any CPU
		{ED0FB7A2-E4A8-4490-A020-73140BFBCE0B}.Debug R25|Any CPU.Build.0 = Debug R25|Any CPU
		{ED0FB7A2-E4A8-4490-A020-73140BFBCE0B}.Release R19|Any CPU.ActiveCfg = Release R19|Any CPU
		{ED0FB7A2-E4A8-4490-A020-73140BFBCE0B}.Release R19|Any CPU.Build.0 = Release R19|Any CPU
		{ED0FB7A2-E4A8-4490-A020-73140BFBCE0B}.Release R20|Any CPU.ActiveCfg = Release R20|Any CPU
		{ED0FB7A2-E4A8-4490-A020-73140BFBCE0B}.Release R20|Any CPU.Build.0 = Release R20|Any CPU
		{ED0FB7A2-E4A8-4490-A020-73140BFBCE0B}.Release R21|Any CPU.ActiveCfg = Release R21|Any CPU
		{ED0FB7A2-E4A8-4490-A020-73140BFBCE0B}.Release R21|Any CPU.Build.0 = Release R21|Any CPU
		{ED0FB7A2-E4A8-4490-A020-73140BFBCE0B}.Release R22|Any CPU.ActiveCfg = Release R22|Any CPU
		{ED0FB7A2-E4A8-4490-A020-73140BFBCE0B}.Release R22|Any CPU.Build.0 = Release R22|Any CPU
		{ED0FB7A2-E4A8-4490-A020-73140BFBCE0B}.Release R23|Any CPU.ActiveCfg = Release R23|Any CPU
		{ED0FB7A2-E4A8-4490-A020-73140BFBCE0B}.Release R23|Any CPU.Build.0 = Release R23|Any CPU
		{ED0FB7A2-E4A8-4490-A020-73140BFBCE0B}.Release R24|Any CPU.ActiveCfg = Release R24|Any CPU
		{ED0FB7A2-E4A8-4490-A020-73140BFBCE0B}.Release R24|Any CPU.Build.0 = Release R24|Any CPU
		{ED0FB7A2-E4A8-4490-A020-73140BFBCE0B}.Release R25|Any CPU.ActiveCfg = Release R25|Any CPU
		{ED0FB7A2-E4A8-4490-A020-73140BFBCE0B}.Release R25|Any CPU.Build.0 = Release R25|Any CPU
		{57323698-75AF-4345-827D-2E625A56CBF2}.Debug|Any CPU.ActiveCfg = Debug|Any CPU
		{57323698-75AF-4345-827D-2E625A56CBF2}.Debug|Any CPU.Build.0 = Debug|Any CPU
		{57323698-75AF-4345-827D-2E625A56CBF2}.Release|Any CPU.ActiveCfg = Release|Any CPU
		{57323698-75AF-4345-827D-2E625A56CBF2}.Release|Any CPU.Build.0 = Release|Any CPU
		{57323698-75AF-4345-827D-2E625A56CBF2}.Debug R19|Any CPU.ActiveCfg = Debug R19|Any CPU
		{57323698-75AF-4345-827D-2E625A56CBF2}.Debug R19|Any CPU.Build.0 = Debug R19|Any CPU
		{57323698-75AF-4345-827D-2E625A56CBF2}.Debug R20|Any CPU.ActiveCfg = Debug R20|Any CPU
		{57323698-75AF-4345-827D-2E625A56CBF2}.Debug R20|Any CPU.Build.0 = Debug R20|Any CPU
		{57323698-75AF-4345-827D-2E625A56CBF2}.Debug R21|Any CPU.ActiveCfg = Debug R21|Any CPU
		{57323698-75AF-4345-827D-2E625A56CBF2}.Debug R21|Any CPU.Build.0 = Debug R21|Any CPU
		{57323698-75AF-4345-827D-2E625A56CBF2}.Debug R22|Any CPU.ActiveCfg = Debug R22|Any CPU
		{57323698-75AF-4345-827D-2E625A56CBF2}.Debug R22|Any CPU.Build.0 = Debug R22|Any CPU
		{57323698-75AF-4345-827D-2E625A56CBF2}.Debug R23|Any CPU.ActiveCfg = Debug R23|Any CPU
		{57323698-75AF-4345-827D-2E625A56CBF2}.Debug R23|Any CPU.Build.0 = Debug R23|Any CPU
		{57323698-75AF-4345-827D-2E625A56CBF2}.Debug R24|Any CPU.ActiveCfg = Debug R24|Any CPU
		{57323698-75AF-4345-827D-2E625A56CBF2}.Debug R24|Any CPU.Build.0 = Debug R24|Any CPU
		{57323698-75AF-4345-827D-2E625A56CBF2}.Debug R25|Any CPU.ActiveCfg = Debug R25|Any CPU
		{57323698-75AF-4345-827D-2E625A56CBF2}.Debug R25|Any CPU.Build.0 = Debug R25|Any CPU
		{57323698-75AF-4345-827D-2E625A56CBF2}.Release R19|Any CPU.ActiveCfg = Release R19|Any CPU
		{57323698-75AF-4345-827D-2E625A56CBF2}.Release R19|Any CPU.Build.0 = Release R19|Any CPU
		{57323698-75AF-4345-827D-2E625A56CBF2}.Release R20|Any CPU.ActiveCfg = Release R20|Any CPU
		{57323698-75AF-4345-827D-2E625A56CBF2}.Release R20|Any CPU.Build.0 = Release R20|Any CPU
		{57323698-75AF-4345-827D-2E625A56CBF2}.Release R21|Any CPU.ActiveCfg = Release R21|Any CPU
		{57323698-75AF-4345-827D-2E625A56CBF2}.Release R21|Any CPU.Build.0 = Release R21|Any CPU
		{57323698-75AF-4345-827D-2E625A56CBF2}.Release R22|Any CPU.ActiveCfg = Release R22|Any CPU
		{57323698-75AF-4345-827D-2E625A56CBF2}.Release R22|Any CPU.Build.0 = Release R22|Any CPU
		{57323698-75AF-4345-827D-2E625A56CBF2}.Release R23|Any CPU.ActiveCfg = Release R23|Any CPU
		{57323698-75AF-4345-827D-2E625A56CBF2}.Release R23|Any CPU.Build.0 = Release R23|Any CPU
		{57323698-75AF-4345-827D-2E625A56CBF2}.Release R24|Any CPU.ActiveCfg = Release R24|Any CPU
		{57323698-75AF-4345-827D-2E625A56CBF2}.Release R24|Any CPU.Build.0 = Release R24|Any CPU
		{57323698-75AF-4345-827D-2E625A56CBF2}.Release R25|Any CPU.ActiveCfg = Release R25|Any CPU
		{57323698-75AF-4345-827D-2E625A56CBF2}.Release R25|Any CPU.Build.0 = Release R25|Any CPU
		{0C382E44-C594-4F08-9469-20C0D25BA581}.Debug|Any CPU.ActiveCfg = Debug|Any CPU
		{0C382E44-C594-4F08-9469-20C0D25BA581}.Debug|Any CPU.Build.0 = Debug|Any CPU
		{0C382E44-C594-4F08-9469-20C0D25BA581}.Release|Any CPU.ActiveCfg = Release|Any CPU
		{0C382E44-C594-4F08-9469-20C0D25BA581}.Release|Any CPU.Build.0 = Release|Any CPU
		{0C382E44-C594-4F08-9469-20C0D25BA581}.Debug R19|Any CPU.ActiveCfg = Debug R19|Any CPU
		{0C382E44-C594-4F08-9469-20C0D25BA581}.Debug R19|Any CPU.Build.0 = Debug R19|Any CPU
		{0C382E44-C594-4F08-9469-20C0D25BA581}.Debug R20|Any CPU.ActiveCfg = Debug R20|Any CPU
		{0C382E44-C594-4F08-9469-20C0D25BA581}.Debug R20|Any CPU.Build.0 = Debug R20|Any CPU
		{0C382E44-C594-4F08-9469-20C0D25BA581}.Debug R21|Any CPU.ActiveCfg = Debug R21|Any CPU
		{0C382E44-C594-4F08-9469-20C0D25BA581}.Debug R21|Any CPU.Build.0 = Debug R21|Any CPU
		{0C382E44-C594-4F08-9469-20C0D25BA581}.Debug R22|Any CPU.ActiveCfg = Debug R22|Any CPU
		{0C382E44-C594-4F08-9469-20C0D25BA581}.Debug R22|Any CPU.Build.0 = Debug R22|Any CPU
		{0C382E44-C594-4F08-9469-20C0D25BA581}.Debug R23|Any CPU.ActiveCfg = Debug R23|Any CPU
		{0C382E44-C594-4F08-9469-20C0D25BA581}.Debug R23|Any CPU.Build.0 = Debug R23|Any CPU
		{0C382E44-C594-4F08-9469-20C0D25BA581}.Debug R24|Any CPU.ActiveCfg = Debug R24|Any CPU
		{0C382E44-C594-4F08-9469-20C0D25BA581}.Debug R24|Any CPU.Build.0 = Debug R24|Any CPU
		{0C382E44-C594-4F08-9469-20C0D25BA581}.Debug R25|Any CPU.ActiveCfg = Debug R25|Any CPU
		{0C382E44-C594-4F08-9469-20C0D25BA581}.Debug R25|Any CPU.Build.0 = Debug R25|Any CPU
		{0C382E44-C594-4F08-9469-20C0D25BA581}.Release R19|Any CPU.ActiveCfg = Release R19|Any CPU
		{0C382E44-C594-4F08-9469-20C0D25BA581}.Release R19|Any CPU.Build.0 = Release R19|Any CPU
		{0C382E44-C594-4F08-9469-20C0D25BA581}.Release R20|Any CPU.ActiveCfg = Release R20|Any CPU
		{0C382E44-C594-4F08-9469-20C0D25BA581}.Release R20|Any CPU.Build.0 = Release R20|Any CPU
		{0C382E44-C594-4F08-9469-20C0D25BA581}.Release R21|Any CPU.ActiveCfg = Release R21|Any CPU
		{0C382E44-C594-4F08-9469-20C0D25BA581}.Release R21|Any CPU.Build.0 = Release R21|Any CPU
		{0C382E44-C594-4F08-9469-20C0D25BA581}.Release R22|Any CPU.ActiveCfg = Release R22|Any CPU
		{0C382E44-C594-4F08-9469-20C0D25BA581}.Release R22|Any CPU.Build.0 = Release R22|Any CPU
		{0C382E44-C594-4F08-9469-20C0D25BA581}.Release R23|Any CPU.ActiveCfg = Release R23|Any CPU
		{0C382E44-C594-4F08-9469-20C0D25BA581}.Release R23|Any CPU.Build.0 = Release R23|Any CPU
		{0C382E44-C594-4F08-9469-20C0D25BA581}.Release R24|Any CPU.ActiveCfg = Release R24|Any CPU
		{0C382E44-C594-4F08-9469-20C0D25BA581}.Release R24|Any CPU.Build.0 = Release R24|Any CPU
		{0C382E44-C594-4F08-9469-20C0D25BA581}.Release R25|Any CPU.ActiveCfg = Release R25|Any CPU
		{0C382E44-C594-4F08-9469-20C0D25BA581}.Release R25|Any CPU.Build.0 = Release R25|Any CPU
		{9561311E-A02A-4D5F-BD22-64258941BF2E}.Debug|Any CPU.ActiveCfg = Debug|Any CPU
		{9561311E-A02A-4D5F-BD22-64258941BF2E}.Debug|Any CPU.Build.0 = Debug|Any CPU
		{9561311E-A02A-4D5F-BD22-64258941BF2E}.Release|Any CPU.ActiveCfg = Release|Any CPU
		{9561311E-A02A-4D5F-BD22-64258941BF2E}.Release|Any CPU.Build.0 = Release|Any CPU
		{9561311E-A02A-4D5F-BD22-64258941BF2E}.Debug R19|Any CPU.ActiveCfg = Debug R19|Any CPU
		{9561311E-A02A-4D5F-BD22-64258941BF2E}.Debug R19|Any CPU.Build.0 = Debug R19|Any CPU
		{9561311E-A02A-4D5F-BD22-64258941BF2E}.Debug R20|Any CPU.ActiveCfg = Debug R20|Any CPU
		{9561311E-A02A-4D5F-BD22-64258941BF2E}.Debug R20|Any CPU.Build.0 = Debug R20|Any CPU
		{9561311E-A02A-4D5F-BD22-64258941BF2E}.Debug R21|Any CPU.ActiveCfg = Debug R21|Any CPU
		{9561311E-A02A-4D5F-BD22-64258941BF2E}.Debug R21|Any CPU.Build.0 = Debug R21|Any CPU
		{9561311E-A02A-4D5F-BD22-64258941BF2E}.Debug R22|Any CPU.ActiveCfg = Debug R22|Any CPU
		{9561311E-A02A-4D5F-BD22-64258941BF2E}.Debug R22|Any CPU.Build.0 = Debug R22|Any CPU
		{9561311E-A02A-4D5F-BD22-64258941BF2E}.Debug R23|Any CPU.ActiveCfg = Debug R23|Any CPU
		{9561311E-A02A-4D5F-BD22-64258941BF2E}.Debug R23|Any CPU.Build.0 = Debug R23|Any CPU
		{9561311E-A02A-4D5F-BD22-64258941BF2E}.Debug R24|Any CPU.ActiveCfg = Debug R24|Any CPU
		{9561311E-A02A-4D5F-BD22-64258941BF2E}.Debug R24|Any CPU.Build.0 = Debug R24|Any CPU
		{9561311E-A02A-4D5F-BD22-64258941BF2E}.Debug R25|Any CPU.ActiveCfg = Debug R25|Any CPU
		{9561311E-A02A-4D5F-BD22-64258941BF2E}.Debug R25|Any CPU.Build.0 = Debug R25|Any CPU
		{9561311E-A02A-4D5F-BD22-64258941BF2E}.Release R19|Any CPU.ActiveCfg = Release R19|Any CPU
		{9561311E-A02A-4D5F-BD22-64258941BF2E}.Release R19|Any CPU.Build.0 = Release R19|Any CPU
		{9561311E-A02A-4D5F-BD22-64258941BF2E}.Release R20|Any CPU.ActiveCfg = Release R20|Any CPU
		{9561311E-A02A-4D5F-BD22-64258941BF2E}.Release R20|Any CPU.Build.0 = Release R20|Any CPU
		{9561311E-A02A-4D5F-BD22-64258941BF2E}.Release R21|Any CPU.ActiveCfg = Release R21|Any CPU
		{9561311E-A02A-4D5F-BD22-64258941BF2E}.Release R21|Any CPU.Build.0 = Release R21|Any CPU
		{9561311E-A02A-4D5F-BD22-64258941BF2E}.Release R22|Any CPU.ActiveCfg = Release R22|Any CPU
		{9561311E-A02A-4D5F-BD22-64258941BF2E}.Release R22|Any CPU.Build.0 = Release R22|Any CPU
		{9561311E-A02A-4D5F-BD22-64258941BF2E}.Release R23|Any CPU.ActiveCfg = Release R23|Any CPU
		{9561311E-A02A-4D5F-BD22-64258941BF2E}.Release R23|Any CPU.Build.0 = Release R23|Any CPU
		{9561311E-A02A-4D5F-BD22-64258941BF2E}.Release R24|Any CPU.ActiveCfg = Release R24|Any CPU
		{9561311E-A02A-4D5F-BD22-64258941BF2E}.Release R24|Any CPU.Build.0 = Release R24|Any CPU
		{9561311E-A02A-4D5F-BD22-64258941BF2E}.Release R25|Any CPU.ActiveCfg = Release R25|Any CPU
		{9561311E-A02A-4D5F-BD22-64258941BF2E}.Release R25|Any CPU.Build.0 = Release R25|Any CPU
		{269FE01F-093A-4774-8017-FEFC2342ABF5}.Debug|Any CPU.ActiveCfg = Debug|Any CPU
		{269FE01F-093A-4774-8017-FEFC2342ABF5}.Debug|Any CPU.Build.0 = Debug|Any CPU
		{269FE01F-093A-4774-8017-FEFC2342ABF5}.Release|Any CPU.ActiveCfg = Release|Any CPU
		{269FE01F-093A-4774-8017-FEFC2342ABF5}.Release|Any CPU.Build.0 = Release|Any CPU
		{269FE01F-093A-4774-8017-FEFC2342ABF5}.Debug R19|Any CPU.ActiveCfg = Debug R19|Any CPU
		{269FE01F-093A-4774-8017-FEFC2342ABF5}.Debug R19|Any CPU.Build.0 = Debug R19|Any CPU
		{269FE01F-093A-4774-8017-FEFC2342ABF5}.Debug R20|Any CPU.ActiveCfg = Debug R20|Any CPU
		{269FE01F-093A-4774-8017-FEFC2342ABF5}.Debug R20|Any CPU.Build.0 = Debug R20|Any CPU
		{269FE01F-093A-4774-8017-FEFC2342ABF5}.Debug R21|Any CPU.ActiveCfg = Debug R21|Any CPU
		{269FE01F-093A-4774-8017-FEFC2342ABF5}.Debug R21|Any CPU.Build.0 = Debug R21|Any CPU
		{269FE01F-093A-4774-8017-FEFC2342ABF5}.Debug R22|Any CPU.ActiveCfg = Debug R22|Any CPU
		{269FE01F-093A-4774-8017-FEFC2342ABF5}.Debug R22|Any CPU.Build.0 = Debug R22|Any CPU
		{269FE01F-093A-4774-8017-FEFC2342ABF5}.Debug R23|Any CPU.ActiveCfg = Debug R23|Any CPU
		{269FE01F-093A-4774-8017-FEFC2342ABF5}.Debug R23|Any CPU.Build.0 = Debug R23|Any CPU
		{269FE01F-093A-4774-8017-FEFC2342ABF5}.Debug R24|Any CPU.ActiveCfg = Debug R24|Any CPU
		{269FE01F-093A-4774-8017-FEFC2342ABF5}.Debug R24|Any CPU.Build.0 = Debug R24|Any CPU
		{269FE01F-093A-4774-8017-FEFC2342ABF5}.Debug R25|Any CPU.ActiveCfg = Debug R25|Any CPU
		{269FE01F-093A-4774-8017-FEFC2342ABF5}.Debug R25|Any CPU.Build.0 = Debug R25|Any CPU
		{269FE01F-093A-4774-8017-FEFC2342ABF5}.Release R19|Any CPU.ActiveCfg = Release R19|Any CPU
		{269FE01F-093A-4774-8017-FEFC2342ABF5}.Release R19|Any CPU.Build.0 = Release R19|Any CPU
		{269FE01F-093A-4774-8017-FEFC2342ABF5}.Release R20|Any CPU.ActiveCfg = Release R20|Any CPU
		{269FE01F-093A-4774-8017-FEFC2342ABF5}.Release R20|Any CPU.Build.0 = Release R20|Any CPU
		{269FE01F-093A-4774-8017-FEFC2342ABF5}.Release R21|Any CPU.ActiveCfg = Release R21|Any CPU
		{269FE01F-093A-4774-8017-FEFC2342ABF5}.Release R21|Any CPU.Build.0 = Release R21|Any CPU
		{269FE01F-093A-4774-8017-FEFC2342ABF5}.Release R22|Any CPU.ActiveCfg = Release R22|Any CPU
		{269FE01F-093A-4774-8017-FEFC2342ABF5}.Release R22|Any CPU.Build.0 = Release R22|Any CPU
		{269FE01F-093A-4774-8017-FEFC2342ABF5}.Release R23|Any CPU.ActiveCfg = Release R23|Any CPU
		{269FE01F-093A-4774-8017-FEFC2342ABF5}.Release R23|Any CPU.Build.0 = Release R23|Any CPU
		{269FE01F-093A-4774-8017-FEFC2342ABF5}.Release R24|Any CPU.ActiveCfg = Release R24|Any CPU
		{269FE01F-093A-4774-8017-FEFC2342ABF5}.Release R24|Any CPU.Build.0 = Release R24|Any CPU
		{269FE01F-093A-4774-8017-FEFC2342ABF5}.Release R25|Any CPU.ActiveCfg = Release R25|Any CPU
		{269FE01F-093A-4774-8017-FEFC2342ABF5}.Release R25|Any CPU.Build.0 = Release R25|Any CPU
		{4672A022-5855-4C70-B81E-9E1109BD7B6D}.Debug|Any CPU.ActiveCfg = Debug|Any CPU
		{4672A022-5855-4C70-B81E-9E1109BD7B6D}.Debug|Any CPU.Build.0 = Debug|Any CPU
		{4672A022-5855-4C70-B81E-9E1109BD7B6D}.Release|Any CPU.ActiveCfg = Release|Any CPU
		{4672A022-5855-4C70-B81E-9E1109BD7B6D}.Release|Any CPU.Build.0 = Release|Any CPU
		{4672A022-5855-4C70-B81E-9E1109BD7B6D}.Debug R19|Any CPU.ActiveCfg = Debug R19|Any CPU
		{4672A022-5855-4C70-B81E-9E1109BD7B6D}.Debug R19|Any CPU.Build.0 = Debug R19|Any CPU
		{4672A022-5855-4C70-B81E-9E1109BD7B6D}.Debug R20|Any CPU.ActiveCfg = Debug R20|Any CPU
		{4672A022-5855-4C70-B81E-9E1109BD7B6D}.Debug R20|Any CPU.Build.0 = Debug R20|Any CPU
		{4672A022-5855-4C70-B81E-9E1109BD7B6D}.Debug R21|Any CPU.ActiveCfg = Debug R21|Any CPU
		{4672A022-5855-4C70-B81E-9E1109BD7B6D}.Debug R21|Any CPU.Build.0 = Debug R21|Any CPU
		{4672A022-5855-4C70-B81E-9E1109BD7B6D}.Debug R22|Any CPU.ActiveCfg = Debug R22|Any CPU
		{4672A022-5855-4C70-B81E-9E1109BD7B6D}.Debug R22|Any CPU.Build.0 = Debug R22|Any CPU
		{4672A022-5855-4C70-B81E-9E1109BD7B6D}.Debug R23|Any CPU.ActiveCfg = Debug R23|Any CPU
		{4672A022-5855-4C70-B81E-9E1109BD7B6D}.Debug R23|Any CPU.Build.0 = Debug R23|Any CPU
		{4672A022-5855-4C70-B81E-9E1109BD7B6D}.Debug R24|Any CPU.ActiveCfg = Debug R24|Any CPU
		{4672A022-5855-4C70-B81E-9E1109BD7B6D}.Debug R24|Any CPU.Build.0 = Debug R24|Any CPU
		{4672A022-5855-4C70-B81E-9E1109BD7B6D}.Debug R25|Any CPU.ActiveCfg = Debug R25|Any CPU
		{4672A022-5855-4C70-B81E-9E1109BD7B6D}.Debug R25|Any CPU.Build.0 = Debug R25|Any CPU
		{4672A022-5855-4C70-B81E-9E1109BD7B6D}.Release R19|Any CPU.ActiveCfg = Release R19|Any CPU
		{4672A022-5855-4C70-B81E-9E1109BD7B6D}.Release R19|Any CPU.Build.0 = Release R19|Any CPU
		{4672A022-5855-4C70-B81E-9E1109BD7B6D}.Release R20|Any CPU.ActiveCfg = Release R20|Any CPU
		{4672A022-5855-4C70-B81E-9E1109BD7B6D}.Release R20|Any CPU.Build.0 = Release R20|Any CPU
		{4672A022-5855-4C70-B81E-9E1109BD7B6D}.Release R21|Any CPU.ActiveCfg = Release R21|Any CPU
		{4672A022-5855-4C70-B81E-9E1109BD7B6D}.Release R21|Any CPU.Build.0 = Release R21|Any CPU
		{4672A022-5855-4C70-B81E-9E1109BD7B6D}.Release R22|Any CPU.ActiveCfg = Release R22|Any CPU
		{4672A022-5855-4C70-B81E-9E1109BD7B6D}.Release R22|Any CPU.Build.0 = Release R22|Any CPU
		{4672A022-5855-4C70-B81E-9E1109BD7B6D}.Release R23|Any CPU.ActiveCfg = Release R23|Any CPU
		{4672A022-5855-4C70-B81E-9E1109BD7B6D}.Release R23|Any CPU.Build.0 = Release R23|Any CPU
		{4672A022-5855-4C70-B81E-9E1109BD7B6D}.Release R24|Any CPU.ActiveCfg = Release R24|Any CPU
		{4672A022-5855-4C70-B81E-9E1109BD7B6D}.Release R24|Any CPU.Build.0 = Release R24|Any CPU
		{4672A022-5855-4C70-B81E-9E1109BD7B6D}.Release R25|Any CPU.ActiveCfg = Release R25|Any CPU
		{4672A022-5855-4C70-B81E-9E1109BD7B6D}.Release R25|Any CPU.Build.0 = Release R25|Any CPU
		{595C5FC1-EA26-47A6-B78F-3A04D222963D}.Debug|Any CPU.ActiveCfg = Debug|Any CPU
		{595C5FC1-EA26-47A6-B78F-3A04D222963D}.Debug|Any CPU.Build.0 = Debug|Any CPU
		{595C5FC1-EA26-47A6-B78F-3A04D222963D}.Release|Any CPU.ActiveCfg = Release|Any CPU
		{595C5FC1-EA26-47A6-B78F-3A04D222963D}.Release|Any CPU.Build.0 = Release|Any CPU
		{595C5FC1-EA26-47A6-B78F-3A04D222963D}.Debug R19|Any CPU.ActiveCfg = Debug R19|Any CPU
		{595C5FC1-EA26-47A6-B78F-3A04D222963D}.Debug R19|Any CPU.Build.0 = Debug R19|Any CPU
		{595C5FC1-EA26-47A6-B78F-3A04D222963D}.Debug R20|Any CPU.ActiveCfg = Debug R20|Any CPU
		{595C5FC1-EA26-47A6-B78F-3A04D222963D}.Debug R20|Any CPU.Build.0 = Debug R20|Any CPU
		{595C5FC1-EA26-47A6-B78F-3A04D222963D}.Debug R21|Any CPU.ActiveCfg = Debug R21|Any CPU
		{595C5FC1-EA26-47A6-B78F-3A04D222963D}.Debug R21|Any CPU.Build.0 = Debug R21|Any CPU
		{595C5FC1-EA26-47A6-B78F-3A04D222963D}.Debug R22|Any CPU.ActiveCfg = Debug R22|Any CPU
		{595C5FC1-EA26-47A6-B78F-3A04D222963D}.Debug R22|Any CPU.Build.0 = Debug R22|Any CPU
		{595C5FC1-EA26-47A6-B78F-3A04D222963D}.Debug R23|Any CPU.ActiveCfg = Debug R23|Any CPU
		{595C5FC1-EA26-47A6-B78F-3A04D222963D}.Debug R23|Any CPU.Build.0 = Debug R23|Any CPU
		{595C5FC1-EA26-47A6-B78F-3A04D222963D}.Debug R24|Any CPU.ActiveCfg = Debug R24|Any CPU
		{595C5FC1-EA26-47A6-B78F-3A04D222963D}.Debug R24|Any CPU.Build.0 = Debug R24|Any CPU
		{595C5FC1-EA26-47A6-B78F-3A04D222963D}.Debug R25|Any CPU.ActiveCfg = Debug R25|Any CPU
		{595C5FC1-EA26-47A6-B78F-3A04D222963D}.Debug R25|Any CPU.Build.0 = Debug R25|Any CPU
		{595C5FC1-EA26-47A6-B78F-3A04D222963D}.Release R19|Any CPU.ActiveCfg = Release R19|Any CPU
		{595C5FC1-EA26-47A6-B78F-3A04D222963D}.Release R19|Any CPU.Build.0 = Release R19|Any CPU
		{595C5FC1-EA26-47A6-B78F-3A04D222963D}.Release R20|Any CPU.ActiveCfg = Release R20|Any CPU
		{595C5FC1-EA26-47A6-B78F-3A04D222963D}.Release R20|Any CPU.Build.0 = Release R20|Any CPU
		{595C5FC1-EA26-47A6-B78F-3A04D222963D}.Release R21|Any CPU.ActiveCfg = Release R21|Any CPU
		{595C5FC1-EA26-47A6-B78F-3A04D222963D}.Release R21|Any CPU.Build.0 = Release R21|Any CPU
		{595C5FC1-EA26-47A6-B78F-3A04D222963D}.Release R22|Any CPU.ActiveCfg = Release R22|Any CPU
		{595C5FC1-EA26-47A6-B78F-3A04D222963D}.Release R22|Any CPU.Build.0 = Release R22|Any CPU
		{595C5FC1-EA26-47A6-B78F-3A04D222963D}.Release R23|Any CPU.ActiveCfg = Release R23|Any CPU
		{595C5FC1-EA26-47A6-B78F-3A04D222963D}.Release R23|Any CPU.Build.0 = Release R23|Any CPU
		{595C5FC1-EA26-47A6-B78F-3A04D222963D}.Release R24|Any CPU.ActiveCfg = Release R24|Any CPU
		{595C5FC1-EA26-47A6-B78F-3A04D222963D}.Release R24|Any CPU.Build.0 = Release R24|Any CPU
		{595C5FC1-EA26-47A6-B78F-3A04D222963D}.Release R25|Any CPU.ActiveCfg = Release R25|Any CPU
		{595C5FC1-EA26-47A6-B78F-3A04D222963D}.Release R25|Any CPU.Build.0 = Release R25|Any CPU
		{495994B5-044C-4B59-BD1D-D05683B443E5}.Debug|Any CPU.ActiveCfg = Debug|Any CPU
		{495994B5-044C-4B59-BD1D-D05683B443E5}.Debug|Any CPU.Build.0 = Debug|Any CPU
		{495994B5-044C-4B59-BD1D-D05683B443E5}.Release|Any CPU.ActiveCfg = Release|Any CPU
		{495994B5-044C-4B59-BD1D-D05683B443E5}.Release|Any CPU.Build.0 = Release|Any CPU
		{495994B5-044C-4B59-BD1D-D05683B443E5}.Debug R19|Any CPU.ActiveCfg = Debug R19|Any CPU
		{495994B5-044C-4B59-BD1D-D05683B443E5}.Debug R19|Any CPU.Build.0 = Debug R19|Any CPU
		{495994B5-044C-4B59-BD1D-D05683B443E5}.Debug R20|Any CPU.ActiveCfg = Debug R20|Any CPU
		{495994B5-044C-4B59-BD1D-D05683B443E5}.Debug R20|Any CPU.Build.0 = Debug R20|Any CPU
		{495994B5-044C-4B59-BD1D-D05683B443E5}.Debug R21|Any CPU.ActiveCfg = Debug R21|Any CPU
		{495994B5-044C-4B59-BD1D-D05683B443E5}.Debug R21|Any CPU.Build.0 = Debug R21|Any CPU
		{495994B5-044C-4B59-BD1D-D05683B443E5}.Debug R22|Any CPU.ActiveCfg = Debug R22|Any CPU
		{495994B5-044C-4B59-BD1D-D05683B443E5}.Debug R22|Any CPU.Build.0 = Debug R22|Any CPU
		{495994B5-044C-4B59-BD1D-D05683B443E5}.Debug R23|Any CPU.ActiveCfg = Debug R23|Any CPU
		{495994B5-044C-4B59-BD1D-D05683B443E5}.Debug R23|Any CPU.Build.0 = Debug R23|Any CPU
		{495994B5-044C-4B59-BD1D-D05683B443E5}.Debug R24|Any CPU.ActiveCfg = Debug R24|Any CPU
		{495994B5-044C-4B59-BD1D-D05683B443E5}.Debug R24|Any CPU.Build.0 = Debug R24|Any CPU
		{495994B5-044C-4B59-BD1D-D05683B443E5}.Debug R25|Any CPU.ActiveCfg = Debug R25|Any CPU
		{495994B5-044C-4B59-BD1D-D05683B443E5}.Debug R25|Any CPU.Build.0 = Debug R25|Any CPU
		{495994B5-044C-4B59-BD1D-D05683B443E5}.Release R19|Any CPU.ActiveCfg = Release R19|Any CPU
		{495994B5-044C-4B59-BD1D-D05683B443E5}.Release R19|Any CPU.Build.0 = Release R19|Any CPU
		{495994B5-044C-4B59-BD1D-D05683B443E5}.Release R20|Any CPU.ActiveCfg = Release R20|Any CPU
		{495994B5-044C-4B59-BD1D-D05683B443E5}.Release R20|Any CPU.Build.0 = Release R20|Any CPU
		{495994B5-044C-4B59-BD1D-D05683B443E5}.Release R21|Any CPU.ActiveCfg = Release R21|Any CPU
		{495994B5-044C-4B59-BD1D-D05683B443E5}.Release R21|Any CPU.Build.0 = Release R21|Any CPU
		{495994B5-044C-4B59-BD1D-D05683B443E5}.Release R22|Any CPU.ActiveCfg = Release R22|Any CPU
		{495994B5-044C-4B59-BD1D-D05683B443E5}.Release R22|Any CPU.Build.0 = Release R22|Any CPU
		{495994B5-044C-4B59-BD1D-D05683B443E5}.Release R23|Any CPU.ActiveCfg = Release R23|Any CPU
		{495994B5-044C-4B59-BD1D-D05683B443E5}.Release R23|Any CPU.Build.0 = Release R23|Any CPU
		{495994B5-044C-4B59-BD1D-D05683B443E5}.Release R24|Any CPU.ActiveCfg = Release R24|Any CPU
		{495994B5-044C-4B59-BD1D-D05683B443E5}.Release R24|Any CPU.Build.0 = Release R24|Any CPU
		{495994B5-044C-4B59-BD1D-D05683B443E5}.Release R25|Any CPU.ActiveCfg = Release R25|Any CPU
		{495994B5-044C-4B59-BD1D-D05683B443E5}.Release R25|Any CPU.Build.0 = Release R25|Any CPU
		{D4BAD33B-FAEE-4D57-A3F6-E2BBDCDE8AE6}.Debug|Any CPU.ActiveCfg = Debug|Any CPU
		{D4BAD33B-FAEE-4D57-A3F6-E2BBDCDE8AE6}.Debug|Any CPU.Build.0 = Debug|Any CPU
		{D4BAD33B-FAEE-4D57-A3F6-E2BBDCDE8AE6}.Release|Any CPU.ActiveCfg = Release|Any CPU
		{D4BAD33B-FAEE-4D57-A3F6-E2BBDCDE8AE6}.Release|Any CPU.Build.0 = Release|Any CPU
		{D4BAD33B-FAEE-4D57-A3F6-E2BBDCDE8AE6}.Debug R19|Any CPU.ActiveCfg = Debug R19|Any CPU
		{D4BAD33B-FAEE-4D57-A3F6-E2BBDCDE8AE6}.Debug R19|Any CPU.Build.0 = Debug R19|Any CPU
		{D4BAD33B-FAEE-4D57-A3F6-E2BBDCDE8AE6}.Debug R20|Any CPU.ActiveCfg = Debug R20|Any CPU
		{D4BAD33B-FAEE-4D57-A3F6-E2BBDCDE8AE6}.Debug R20|Any CPU.Build.0 = Debug R20|Any CPU
		{D4BAD33B-FAEE-4D57-A3F6-E2BBDCDE8AE6}.Debug R21|Any CPU.ActiveCfg = Debug R21|Any CPU
		{D4BAD33B-FAEE-4D57-A3F6-E2BBDCDE8AE6}.Debug R21|Any CPU.Build.0 = Debug R21|Any CPU
		{D4BAD33B-FAEE-4D57-A3F6-E2BBDCDE8AE6}.Debug R22|Any CPU.ActiveCfg = Debug R22|Any CPU
		{D4BAD33B-FAEE-4D57-A3F6-E2BBDCDE8AE6}.Debug R22|Any CPU.Build.0 = Debug R22|Any CPU
		{D4BAD33B-FAEE-4D57-A3F6-E2BBDCDE8AE6}.Debug R23|Any CPU.ActiveCfg = Debug R23|Any CPU
		{D4BAD33B-FAEE-4D57-A3F6-E2BBDCDE8AE6}.Debug R23|Any CPU.Build.0 = Debug R23|Any CPU
		{D4BAD33B-FAEE-4D57-A3F6-E2BBDCDE8AE6}.Debug R24|Any CPU.ActiveCfg = Debug R24|Any CPU
		{D4BAD33B-FAEE-4D57-A3F6-E2BBDCDE8AE6}.Debug R24|Any CPU.Build.0 = Debug R24|Any CPU
		{D4BAD33B-FAEE-4D57-A3F6-E2BBDCDE8AE6}.Debug R25|Any CPU.ActiveCfg = Debug R25|Any CPU
		{D4BAD33B-FAEE-4D57-A3F6-E2BBDCDE8AE6}.Debug R25|Any CPU.Build.0 = Debug R25|Any CPU
		{D4BAD33B-FAEE-4D57-A3F6-E2BBDCDE8AE6}.Release R19|Any CPU.ActiveCfg = Release R19|Any CPU
		{D4BAD33B-FAEE-4D57-A3F6-E2BBDCDE8AE6}.Release R19|Any CPU.Build.0 = Release R19|Any CPU
		{D4BAD33B-FAEE-4D57-A3F6-E2BBDCDE8AE6}.Release R20|Any CPU.ActiveCfg = Release R20|Any CPU
		{D4BAD33B-FAEE-4D57-A3F6-E2BBDCDE8AE6}.Release R20|Any CPU.Build.0 = Release R20|Any CPU
		{D4BAD33B-FAEE-4D57-A3F6-E2BBDCDE8AE6}.Release R21|Any CPU.ActiveCfg = Release R21|Any CPU
		{D4BAD33B-FAEE-4D57-A3F6-E2BBDCDE8AE6}.Release R21|Any CPU.Build.0 = Release R21|Any CPU
		{D4BAD33B-FAEE-4D57-A3F6-E2BBDCDE8AE6}.Release R22|Any CPU.ActiveCfg = Release R22|Any CPU
		{D4BAD33B-FAEE-4D57-A3F6-E2BBDCDE8AE6}.Release R22|Any CPU.Build.0 = Release R22|Any CPU
		{D4BAD33B-FAEE-4D57-A3F6-E2BBDCDE8AE6}.Release R23|Any CPU.ActiveCfg = Release R23|Any CPU
		{D4BAD33B-FAEE-4D57-A3F6-E2BBDCDE8AE6}.Release R23|Any CPU.Build.0 = Release R23|Any CPU
		{D4BAD33B-FAEE-4D57-A3F6-E2BBDCDE8AE6}.Release R24|Any CPU.ActiveCfg = Release R24|Any CPU
		{D4BAD33B-FAEE-4D57-A3F6-E2BBDCDE8AE6}.Release R24|Any CPU.Build.0 = Release R24|Any CPU
		{D4BAD33B-FAEE-4D57-A3F6-E2BBDCDE8AE6}.Release R25|Any CPU.ActiveCfg = Release R25|Any CPU
		{D4BAD33B-FAEE-4D57-A3F6-E2BBDCDE8AE6}.Release R25|Any CPU.Build.0 = Release R25|Any CPU
		{E33FE30C-7DA3-4A8C-B7B9-C7B1A8F73E6A}.Debug|Any CPU.ActiveCfg = Debug|Any CPU
		{E33FE30C-7DA3-4A8C-B7B9-C7B1A8F73E6A}.Debug|Any CPU.Build.0 = Debug|Any CPU
		{E33FE30C-7DA3-4A8C-B7B9-C7B1A8F73E6A}.Release|Any CPU.ActiveCfg = Release|Any CPU
		{E33FE30C-7DA3-4A8C-B7B9-C7B1A8F73E6A}.Release|Any CPU.Build.0 = Release|Any CPU
		{E33FE30C-7DA3-4A8C-B7B9-C7B1A8F73E6A}.Debug R19|Any CPU.ActiveCfg = Debug R19|Any CPU
		{E33FE30C-7DA3-4A8C-B7B9-C7B1A8F73E6A}.Debug R19|Any CPU.Build.0 = Debug R19|Any CPU
		{E33FE30C-7DA3-4A8C-B7B9-C7B1A8F73E6A}.Debug R20|Any CPU.ActiveCfg = Debug R20|Any CPU
		{E33FE30C-7DA3-4A8C-B7B9-C7B1A8F73E6A}.Debug R20|Any CPU.Build.0 = Debug R20|Any CPU
		{E33FE30C-7DA3-4A8C-B7B9-C7B1A8F73E6A}.Debug R21|Any CPU.ActiveCfg = Debug R21|Any CPU
		{E33FE30C-7DA3-4A8C-B7B9-C7B1A8F73E6A}.Debug R21|Any CPU.Build.0 = Debug R21|Any CPU
		{E33FE30C-7DA3-4A8C-B7B9-C7B1A8F73E6A}.Debug R22|Any CPU.ActiveCfg = Debug R22|Any CPU
		{E33FE30C-7DA3-4A8C-B7B9-C7B1A8F73E6A}.Debug R22|Any CPU.Build.0 = Debug R22|Any CPU
		{E33FE30C-7DA3-4A8C-B7B9-C7B1A8F73E6A}.Debug R23|Any CPU.ActiveCfg = Debug R23|Any CPU
		{E33FE30C-7DA3-4A8C-B7B9-C7B1A8F73E6A}.Debug R23|Any CPU.Build.0 = Debug R23|Any CPU
		{E33FE30C-7DA3-4A8C-B7B9-C7B1A8F73E6A}.Debug R24|Any CPU.ActiveCfg = Debug R24|Any CPU
		{E33FE30C-7DA3-4A8C-B7B9-C7B1A8F73E6A}.Debug R24|Any CPU.Build.0 = Debug R24|Any CPU
		{E33FE30C-7DA3-4A8C-B7B9-C7B1A8F73E6A}.Debug R25|Any CPU.ActiveCfg = Debug R25|Any CPU
		{E33FE30C-7DA3-4A8C-B7B9-C7B1A8F73E6A}.Debug R25|Any CPU.Build.0 = Debug R25|Any CPU
		{E33FE30C-7DA3-4A8C-B7B9-C7B1A8F73E6A}.Release R19|Any CPU.ActiveCfg = Release R19|Any CPU
		{E33FE30C-7DA3-4A8C-B7B9-C7B1A8F73E6A}.Release R19|Any CPU.Build.0 = Release R19|Any CPU
		{E33FE30C-7DA3-4A8C-B7B9-C7B1A8F73E6A}.Release R20|Any CPU.ActiveCfg = Release R20|Any CPU
		{E33FE30C-7DA3-4A8C-B7B9-C7B1A8F73E6A}.Release R20|Any CPU.Build.0 = Release R20|Any CPU
		{E33FE30C-7DA3-4A8C-B7B9-C7B1A8F73E6A}.Release R21|Any CPU.ActiveCfg = Release R21|Any CPU
		{E33FE30C-7DA3-4A8C-B7B9-C7B1A8F73E6A}.Release R21|Any CPU.Build.0 = Release R21|Any CPU
		{E33FE30C-7DA3-4A8C-B7B9-C7B1A8F73E6A}.Release R22|Any CPU.ActiveCfg = Release R22|Any CPU
		{E33FE30C-7DA3-4A8C-B7B9-C7B1A8F73E6A}.Release R22|Any CPU.Build.0 = Release R22|Any CPU
		{E33FE30C-7DA3-4A8C-B7B9-C7B1A8F73E6A}.Release R23|Any CPU.ActiveCfg = Release R23|Any CPU
		{E33FE30C-7DA3-4A8C-B7B9-C7B1A8F73E6A}.Release R23|Any CPU.Build.0 = Release R23|Any CPU
		{E33FE30C-7DA3-4A8C-B7B9-C7B1A8F73E6A}.Release R24|Any CPU.ActiveCfg = Release R24|Any CPU
		{E33FE30C-7DA3-4A8C-B7B9-C7B1A8F73E6A}.Release R24|Any CPU.Build.0 = Release R24|Any CPU
		{E33FE30C-7DA3-4A8C-B7B9-C7B1A8F73E6A}.Release R25|Any CPU.ActiveCfg = Release R25|Any CPU
		{E33FE30C-7DA3-4A8C-B7B9-C7B1A8F73E6A}.Release R25|Any CPU.Build.0 = Release R25|Any CPU
		{B239FF1F-F32A-4828-87B8-E5DAC6809567}.Debug|Any CPU.ActiveCfg = Debug|Any CPU
		{B239FF1F-F32A-4828-87B8-E5DAC6809567}.Debug|Any CPU.Build.0 = Debug|Any CPU
		{B239FF1F-F32A-4828-87B8-E5DAC6809567}.Release|Any CPU.ActiveCfg = Release|Any CPU
		{B239FF1F-F32A-4828-87B8-E5DAC6809567}.Release|Any CPU.Build.0 = Release|Any CPU
		{B239FF1F-F32A-4828-87B8-E5DAC6809567}.Debug R19|Any CPU.ActiveCfg = Debug R19|Any CPU
		{B239FF1F-F32A-4828-87B8-E5DAC6809567}.Debug R19|Any CPU.Build.0 = Debug R19|Any CPU
		{B239FF1F-F32A-4828-87B8-E5DAC6809567}.Debug R20|Any CPU.ActiveCfg = Debug R20|Any CPU
		{B239FF1F-F32A-4828-87B8-E5DAC6809567}.Debug R20|Any CPU.Build.0 = Debug R20|Any CPU
		{B239FF1F-F32A-4828-87B8-E5DAC6809567}.Debug R21|Any CPU.ActiveCfg = Debug R21|Any CPU
		{B239FF1F-F32A-4828-87B8-E5DAC6809567}.Debug R21|Any CPU.Build.0 = Debug R21|Any CPU
		{B239FF1F-F32A-4828-87B8-E5DAC6809567}.Debug R22|Any CPU.ActiveCfg = Debug R22|Any CPU
		{B239FF1F-F32A-4828-87B8-E5DAC6809567}.Debug R22|Any CPU.Build.0 = Debug R22|Any CPU
		{B239FF1F-F32A-4828-87B8-E5DAC6809567}.Debug R23|Any CPU.ActiveCfg = Debug R23|Any CPU
		{B239FF1F-F32A-4828-87B8-E5DAC6809567}.Debug R23|Any CPU.Build.0 = Debug R23|Any CPU
		{B239FF1F-F32A-4828-87B8-E5DAC6809567}.Debug R24|Any CPU.ActiveCfg = Debug R24|Any CPU
		{B239FF1F-F32A-4828-87B8-E5DAC6809567}.Debug R24|Any CPU.Build.0 = Debug R24|Any CPU
		{B239FF1F-F32A-4828-87B8-E5DAC6809567}.Debug R25|Any CPU.ActiveCfg = Debug R25|Any CPU
		{B239FF1F-F32A-4828-87B8-E5DAC6809567}.Debug R25|Any CPU.Build.0 = Debug R25|Any CPU
		{B239FF1F-F32A-4828-87B8-E5DAC6809567}.Release R19|Any CPU.ActiveCfg = Release R19|Any CPU
		{B239FF1F-F32A-4828-87B8-E5DAC6809567}.Release R19|Any CPU.Build.0 = Release R19|Any CPU
		{B239FF1F-F32A-4828-87B8-E5DAC6809567}.Release R20|Any CPU.ActiveCfg = Release R20|Any CPU
		{B239FF1F-F32A-4828-87B8-E5DAC6809567}.Release R20|Any CPU.Build.0 = Release R20|Any CPU
		{B239FF1F-F32A-4828-87B8-E5DAC6809567}.Release R21|Any CPU.ActiveCfg = Release R21|Any CPU
		{B239FF1F-F32A-4828-87B8-E5DAC6809567}.Release R21|Any CPU.Build.0 = Release R21|Any CPU
		{B239FF1F-F32A-4828-87B8-E5DAC6809567}.Release R22|Any CPU.ActiveCfg = Release R22|Any CPU
		{B239FF1F-F32A-4828-87B8-E5DAC6809567}.Release R22|Any CPU.Build.0 = Release R22|Any CPU
		{B239FF1F-F32A-4828-87B8-E5DAC6809567}.Release R23|Any CPU.ActiveCfg = Release R23|Any CPU
		{B239FF1F-F32A-4828-87B8-E5DAC6809567}.Release R23|Any CPU.Build.0 = Release R23|Any CPU
		{B239FF1F-F32A-4828-87B8-E5DAC6809567}.Release R24|Any CPU.ActiveCfg = Release R24|Any CPU
		{B239FF1F-F32A-4828-87B8-E5DAC6809567}.Release R24|Any CPU.Build.0 = Release R24|Any CPU
		{B239FF1F-F32A-4828-87B8-E5DAC6809567}.Release R25|Any CPU.ActiveCfg = Release R25|Any CPU
		{B239FF1F-F32A-4828-87B8-E5DAC6809567}.Release R25|Any CPU.Build.0 = Release R25|Any CPU
	EndGlobalSection
	GlobalSection(SolutionProperties) = preSolution
		HideSolutionNode = FALSE
	EndGlobalSection
	GlobalSection(ExtensibilityGlobals) = postSolution
		SolutionGuid = {29169547-9C0C-4620-A37C-77CB6B30F4F0}
	EndGlobalSection
EndGlobal
