
Microsoft Visual Studio Solution File, Format Version 12.00
# Visual Studio Version 17
VisualStudioVersion = 17.1.32421.90
MinimumVisualStudioVersion = 10.0.40219.1
Project("{9A19103F-16F7-4668-BE54-9A1E7A4F7556}") = "pyRevitLabs.PyRevit.Runtime", "pyRevitLabs.PyRevit.Runtime.csproj", "{E4C1B0B3-DE42-4D10-A4FB-8A478ED9DDFC}"
EndProject
Global
	GlobalSection(SolutionConfigurationPlatforms) = preSolution
		Debug|Any CPU = Debug|Any CPU
		Debug|x64 = Debug|x64
		Release|Any CPU = Release|Any CPU
		Release|x64 = Release|x64
		ReleasePY37|Any CPU = ReleasePY37|Any CPU
		ReleasePY37|x64 = ReleasePY37|x64
		ReleasePY38|Any CPU = ReleasePY38|Any CPU
		ReleasePY38|x64 = ReleasePY38|x64
	EndGlobalSection
	GlobalSection(ProjectConfigurationPlatforms) = postSolution
		{E4C1B0B3-DE42-4D10-A4FB-8A478ED9DDFC}.Debug|Any CPU.ActiveCfg = Debug|Any CPU
		{E4C1B0B3-DE42-4D10-A4FB-8A478ED9DDFC}.Debug|Any CPU.Build.0 = Debug|Any CPU
		{E4C1B0B3-DE42-4D10-A4FB-8A478ED9DDFC}.Debug|x64.ActiveCfg = Debug|Any CPU
		{E4C1B0B3-DE42-4D10-A4FB-8A478ED9DDFC}.Debug|x64.Build.0 = Debug|Any CPU
		{E4C1B0B3-DE42-4D10-A4FB-8A478ED9DDFC}.Release|Any CPU.ActiveCfg = Release|Any CPU
		{E4C1B0B3-DE42-4D10-A4FB-8A478ED9DDFC}.Release|Any CPU.Build.0 = Release|Any CPU
		{E4C1B0B3-DE42-4D10-A4FB-8A478ED9DDFC}.Release|x64.ActiveCfg = Release|Any CPU
		{E4C1B0B3-DE42-4D10-A4FB-8A478ED9DDFC}.Release|x64.Build.0 = Release|Any CPU
		{E4C1B0B3-DE42-4D10-A4FB-8A478ED9DDFC}.ReleasePY37|Any CPU.ActiveCfg = Release|Any CPU
		{E4C1B0B3-DE42-4D10-A4FB-8A478ED9DDFC}.ReleasePY37|Any CPU.Build.0 = Release|Any CPU
		{E4C1B0B3-DE42-4D10-A4FB-8A478ED9DDFC}.ReleasePY37|x64.ActiveCfg = Release|Any CPU
		{E4C1B0B3-DE42-4D10-A4FB-8A478ED9DDFC}.ReleasePY37|x64.Build.0 = Release|Any CPU
		{E4C1B0B3-DE42-4D10-A4FB-8A478ED9DDFC}.ReleasePY38|Any CPU.ActiveCfg = Release|Any CPU
		{E4C1B0B3-DE42-4D10-A4FB-8A478ED9DDFC}.ReleasePY38|Any CPU.Build.0 = Release|Any CPU
		{E4C1B0B3-DE42-4D10-A4FB-8A478ED9DDFC}.ReleasePY38|x64.ActiveCfg = Release|Any CPU
		{E4C1B0B3-DE42-4D10-A4FB-8A478ED9DDFC}.ReleasePY38|x64.Build.0 = Release|Any CPU
	EndGlobalSection
	GlobalSection(SolutionProperties) = preSolution
		HideSolutionNode = FALSE
	EndGlobalSection
	GlobalSection(ExtensibilityGlobals) = postSolution
		SolutionGuid = {B7C859D3-5930-40E5-A8DA-A9A71915EC30}
	EndGlobalSection
EndGlobal
